// !$*UTF8*$!
{
	archiveVersion = 1;
	classes = {
	};
	objectVersion = 50;
	objects = {

/* Begin PBXBuildFile section */
		3417849F247E6CCB00843085 /* CodeViewController.swift in Sources */ = {isa = PBXBuildFile; fileRef = 3417849D247E6CCB00843085 /* CodeViewController.swift */; };
		341784A0247E6CCB00843085 /* CodeViewController.xib in Resources */ = {isa = PBXBuildFile; fileRef = 3417849E247E6CCB00843085 /* CodeViewController.xib */; };
		341784A6247EB7EB00843085 /* CodeSyntaxTree.swift in Sources */ = {isa = PBXBuildFile; fileRef = 341784A5247EB7EB00843085 /* CodeSyntaxTree.swift */; };
		341784A8247EE4F600843085 /* SyntaxTreeTests.swift in Sources */ = {isa = PBXBuildFile; fileRef = 341784A7247EE4F600843085 /* SyntaxTreeTests.swift */; };
		341784AE247F13DA00843085 /* CodeSyntaxTree+InputEdit.swift in Sources */ = {isa = PBXBuildFile; fileRef = 341784AD247F13DA00843085 /* CodeSyntaxTree+InputEdit.swift */; };
		343085FD2474838C00675B1A /* AppDelegate.swift in Sources */ = {isa = PBXBuildFile; fileRef = 343085FC2474838C00675B1A /* AppDelegate.swift */; };
		343086012474838C00675B1A /* CodeDocument.swift in Sources */ = {isa = PBXBuildFile; fileRef = 343086002474838C00675B1A /* CodeDocument.swift */; };
		343086032474838E00675B1A /* Assets.xcassets in Resources */ = {isa = PBXBuildFile; fileRef = 343086022474838E00675B1A /* Assets.xcassets */; };
		343086122474838E00675B1A /* BonsaiTests.swift in Sources */ = {isa = PBXBuildFile; fileRef = 343086112474838E00675B1A /* BonsaiTests.swift */; };
		3430861D2474838E00675B1A /* BonsaiUITests.swift in Sources */ = {isa = PBXBuildFile; fileRef = 3430861C2474838E00675B1A /* BonsaiUITests.swift */; };
		3430862B247484A000675B1A /* CodeDocumentController.swift in Sources */ = {isa = PBXBuildFile; fileRef = 3430862A247484A000675B1A /* CodeDocumentController.swift */; };
		343E10992483C0F40067F56C /* SyntaxHighlightTheme.swift in Sources */ = {isa = PBXBuildFile; fileRef = 343E10982483C0F40067F56C /* SyntaxHighlightTheme.swift */; };
		343E14A62487B2520067F56C /* SwiftTreeSitter.framework in Frameworks */ = {isa = PBXBuildFile; fileRef = 341784A2247EB7AA00843085 /* SwiftTreeSitter.framework */; };
		343E14A72487B2520067F56C /* SwiftTreeSitter.framework in Embed Frameworks */ = {isa = PBXBuildFile; fileRef = 341784A2247EB7AA00843085 /* SwiftTreeSitter.framework */; settings = {ATTRIBUTES = (CodeSignOnCopy, RemoveHeadersOnCopy, ); }; };
		345A714324753C7700E47D23 /* CodeTextGutter+LineNumbers.swift in Sources */ = {isa = PBXBuildFile; fileRef = 345A714224753C7700E47D23 /* CodeTextGutter+LineNumbers.swift */; };
		345A714724753F5D00E47D23 /* EditorViewController.swift in Sources */ = {isa = PBXBuildFile; fileRef = 345A714524753F5D00E47D23 /* EditorViewController.swift */; };
		345A714C2475408100E47D23 /* ProjectViewController.swift in Sources */ = {isa = PBXBuildFile; fileRef = 345A714A2475408100E47D23 /* ProjectViewController.swift */; };
		345A7154247544D600E47D23 /* Main.storyboard in Resources */ = {isa = PBXBuildFile; fileRef = 345A7153247544D600E47D23 /* Main.storyboard */; };
		3468816A2475116A007AF5C6 /* CodeContent.swift in Sources */ = {isa = PBXBuildFile; fileRef = 346881692475116A007AF5C6 /* CodeContent.swift */; };
		346881AF24752F01007AF5C6 /* CodeTextView.swift in Sources */ = {isa = PBXBuildFile; fileRef = 346881AE24752F01007AF5C6 /* CodeTextView.swift */; };
		346881B224752F6E007AF5C6 /* CodeTextGutter.swift in Sources */ = {isa = PBXBuildFile; fileRef = 346881B124752F6E007AF5C6 /* CodeTextGutter.swift */; };
		34898B3724912F4A00C1E01F /* WorkingDirectoryManager.swift in Sources */ = {isa = PBXBuildFile; fileRef = 34898B3624912F4A00C1E01F /* WorkingDirectoryManager.swift */; };
		34CF88432476CF720031D819 /* CodeDocumentWindow.swift in Sources */ = {isa = PBXBuildFile; fileRef = 34CF88422476CF720031D819 /* CodeDocumentWindow.swift */; };
		34CF88452476EB630031D819 /* ProjectViewController+OutlineView.swift in Sources */ = {isa = PBXBuildFile; fileRef = 34CF88442476EB630031D819 /* ProjectViewController+OutlineView.swift */; };
		34CF8847247720BD0031D819 /* ProjectFileItemCell.swift in Sources */ = {isa = PBXBuildFile; fileRef = 34CF8846247720BD0031D819 /* ProjectFileItemCell.swift */; };
		34CF884A247815860031D819 /* PanelLayoutController.swift in Sources */ = {isa = PBXBuildFile; fileRef = 34CF8849247815860031D819 /* PanelLayoutController.swift */; };
		34CF884F247819B50031D819 /* NSView+layout.swift in Sources */ = {isa = PBXBuildFile; fileRef = 34CF884E247819B50031D819 /* NSView+layout.swift */; };
		34CF8857247823AA0031D819 /* PanelLayoutPane.swift in Sources */ = {isa = PBXBuildFile; fileRef = 34CF8856247823AA0031D819 /* PanelLayoutPane.swift */; };
		34CF8859247826830031D819 /* PanelTabsControl.swift in Sources */ = {isa = PBXBuildFile; fileRef = 34CF8858247826830031D819 /* PanelTabsControl.swift */; };
		34CF885B24785B950031D819 /* PanelTabButton.swift in Sources */ = {isa = PBXBuildFile; fileRef = 34CF885A24785B950031D819 /* PanelTabButton.swift */; };
		34CF885D247928140031D819 /* PanelTabButtonCell.swift in Sources */ = {isa = PBXBuildFile; fileRef = 34CF885C247928140031D819 /* PanelTabButtonCell.swift */; };
/* End PBXBuildFile section */

/* Begin PBXContainerItemProxy section */
		3430860E2474838E00675B1A /* PBXContainerItemProxy */ = {
			isa = PBXContainerItemProxy;
			containerPortal = 343085F12474838C00675B1A /* Project object */;
			proxyType = 1;
			remoteGlobalIDString = 343085F82474838C00675B1A;
			remoteInfo = Bonsai;
		};
		343086192474838E00675B1A /* PBXContainerItemProxy */ = {
			isa = PBXContainerItemProxy;
			containerPortal = 343085F12474838C00675B1A /* Project object */;
			proxyType = 1;
			remoteGlobalIDString = 343085F82474838C00675B1A;
			remoteInfo = Bonsai;
		};
/* End PBXContainerItemProxy section */

/* Begin PBXCopyFilesBuildPhase section */
		341784AB247EE82D00843085 /* Embed Frameworks */ = {
			isa = PBXCopyFilesBuildPhase;
			buildActionMask = 2147483647;
			dstPath = "";
			dstSubfolderSpec = 10;
			files = (
				343E14A72487B2520067F56C /* SwiftTreeSitter.framework in Embed Frameworks */,
			);
			name = "Embed Frameworks";
			runOnlyForDeploymentPostprocessing = 0;
		};
/* End PBXCopyFilesBuildPhase section */

/* Begin PBXFileReference section */
		3417849D247E6CCB00843085 /* CodeViewController.swift */ = {isa = PBXFileReference; lastKnownFileType = sourcecode.swift; path = CodeViewController.swift; sourceTree = "<group>"; };
		3417849E247E6CCB00843085 /* CodeViewController.xib */ = {isa = PBXFileReference; lastKnownFileType = file.xib; path = CodeViewController.xib; sourceTree = "<group>"; };
		341784A2247EB7AA00843085 /* SwiftTreeSitter.framework */ = {isa = PBXFileReference; lastKnownFileType = wrapper.framework; name = SwiftTreeSitter.framework; path = Bonsai/Libraries/SwiftTreeSitter.framework; sourceTree = "<group>"; };
		341784A5247EB7EB00843085 /* CodeSyntaxTree.swift */ = {isa = PBXFileReference; lastKnownFileType = sourcecode.swift; path = CodeSyntaxTree.swift; sourceTree = "<group>"; };
		341784A7247EE4F600843085 /* SyntaxTreeTests.swift */ = {isa = PBXFileReference; lastKnownFileType = sourcecode.swift; path = SyntaxTreeTests.swift; sourceTree = "<group>"; };
		341784AD247F13DA00843085 /* CodeSyntaxTree+InputEdit.swift */ = {isa = PBXFileReference; lastKnownFileType = sourcecode.swift; path = "CodeSyntaxTree+InputEdit.swift"; sourceTree = "<group>"; };
		343085F92474838C00675B1A /* Bonsai.app */ = {isa = PBXFileReference; explicitFileType = wrapper.application; includeInIndex = 0; path = Bonsai.app; sourceTree = BUILT_PRODUCTS_DIR; };
		343085FC2474838C00675B1A /* AppDelegate.swift */ = {isa = PBXFileReference; lastKnownFileType = sourcecode.swift; path = AppDelegate.swift; sourceTree = "<group>"; };
		343086002474838C00675B1A /* CodeDocument.swift */ = {isa = PBXFileReference; lastKnownFileType = sourcecode.swift; path = CodeDocument.swift; sourceTree = "<group>"; };
		343086022474838E00675B1A /* Assets.xcassets */ = {isa = PBXFileReference; lastKnownFileType = folder.assetcatalog; path = Assets.xcassets; sourceTree = "<group>"; };
		343086072474838E00675B1A /* Info.plist */ = {isa = PBXFileReference; lastKnownFileType = text.plist.xml; path = Info.plist; sourceTree = "<group>"; };
		343086082474838E00675B1A /* Bonsai.entitlements */ = {isa = PBXFileReference; lastKnownFileType = text.plist.entitlements; path = Bonsai.entitlements; sourceTree = "<group>"; };
		3430860D2474838E00675B1A /* BonsaiTests.xctest */ = {isa = PBXFileReference; explicitFileType = wrapper.cfbundle; includeInIndex = 0; path = BonsaiTests.xctest; sourceTree = BUILT_PRODUCTS_DIR; };
		343086112474838E00675B1A /* BonsaiTests.swift */ = {isa = PBXFileReference; lastKnownFileType = sourcecode.swift; path = BonsaiTests.swift; sourceTree = "<group>"; };
		343086132474838E00675B1A /* Info.plist */ = {isa = PBXFileReference; lastKnownFileType = text.plist.xml; path = Info.plist; sourceTree = "<group>"; };
		343086182474838E00675B1A /* BonsaiUITests.xctest */ = {isa = PBXFileReference; explicitFileType = wrapper.cfbundle; includeInIndex = 0; path = BonsaiUITests.xctest; sourceTree = BUILT_PRODUCTS_DIR; };
		3430861C2474838E00675B1A /* BonsaiUITests.swift */ = {isa = PBXFileReference; lastKnownFileType = sourcecode.swift; path = BonsaiUITests.swift; sourceTree = "<group>"; };
		3430861E2474838E00675B1A /* Info.plist */ = {isa = PBXFileReference; lastKnownFileType = text.plist.xml; path = Info.plist; sourceTree = "<group>"; };
		3430862A247484A000675B1A /* CodeDocumentController.swift */ = {isa = PBXFileReference; lastKnownFileType = sourcecode.swift; path = CodeDocumentController.swift; sourceTree = "<group>"; };
		343E10982483C0F40067F56C /* SyntaxHighlightTheme.swift */ = {isa = PBXFileReference; lastKnownFileType = sourcecode.swift; path = SyntaxHighlightTheme.swift; sourceTree = "<group>"; };
		345A714224753C7700E47D23 /* CodeTextGutter+LineNumbers.swift */ = {isa = PBXFileReference; lastKnownFileType = sourcecode.swift; path = "CodeTextGutter+LineNumbers.swift"; sourceTree = "<group>"; };
		345A714524753F5D00E47D23 /* EditorViewController.swift */ = {isa = PBXFileReference; lastKnownFileType = sourcecode.swift; path = EditorViewController.swift; sourceTree = "<group>"; };
		345A714A2475408100E47D23 /* ProjectViewController.swift */ = {isa = PBXFileReference; lastKnownFileType = sourcecode.swift; path = ProjectViewController.swift; sourceTree = "<group>"; };
		345A7153247544D600E47D23 /* Main.storyboard */ = {isa = PBXFileReference; fileEncoding = 4; lastKnownFileType = file.storyboard; path = Main.storyboard; sourceTree = "<group>"; };
		346881692475116A007AF5C6 /* CodeContent.swift */ = {isa = PBXFileReference; lastKnownFileType = sourcecode.swift; path = CodeContent.swift; sourceTree = "<group>"; };
		346881AE24752F01007AF5C6 /* CodeTextView.swift */ = {isa = PBXFileReference; lastKnownFileType = sourcecode.swift; path = CodeTextView.swift; sourceTree = "<group>"; };
		346881B124752F6E007AF5C6 /* CodeTextGutter.swift */ = {isa = PBXFileReference; lastKnownFileType = sourcecode.swift; path = CodeTextGutter.swift; sourceTree = "<group>"; };
		34898B3624912F4A00C1E01F /* WorkingDirectoryManager.swift */ = {isa = PBXFileReference; lastKnownFileType = sourcecode.swift; path = WorkingDirectoryManager.swift; sourceTree = "<group>"; };
		34CF88422476CF720031D819 /* CodeDocumentWindow.swift */ = {isa = PBXFileReference; lastKnownFileType = sourcecode.swift; path = CodeDocumentWindow.swift; sourceTree = "<group>"; };
		34CF88442476EB630031D819 /* ProjectViewController+OutlineView.swift */ = {isa = PBXFileReference; lastKnownFileType = sourcecode.swift; path = "ProjectViewController+OutlineView.swift"; sourceTree = "<group>"; };
		34CF8846247720BD0031D819 /* ProjectFileItemCell.swift */ = {isa = PBXFileReference; lastKnownFileType = sourcecode.swift; path = ProjectFileItemCell.swift; sourceTree = "<group>"; };
		34CF8849247815860031D819 /* PanelLayoutController.swift */ = {isa = PBXFileReference; lastKnownFileType = sourcecode.swift; path = PanelLayoutController.swift; sourceTree = "<group>"; };
		34CF884E247819B50031D819 /* NSView+layout.swift */ = {isa = PBXFileReference; lastKnownFileType = sourcecode.swift; path = "NSView+layout.swift"; sourceTree = "<group>"; };
		34CF8856247823AA0031D819 /* PanelLayoutPane.swift */ = {isa = PBXFileReference; lastKnownFileType = sourcecode.swift; path = PanelLayoutPane.swift; sourceTree = "<group>"; };
		34CF8858247826830031D819 /* PanelTabsControl.swift */ = {isa = PBXFileReference; lastKnownFileType = sourcecode.swift; path = PanelTabsControl.swift; sourceTree = "<group>"; };
		34CF885A24785B950031D819 /* PanelTabButton.swift */ = {isa = PBXFileReference; lastKnownFileType = sourcecode.swift; path = PanelTabButton.swift; sourceTree = "<group>"; };
		34CF885C247928140031D819 /* PanelTabButtonCell.swift */ = {isa = PBXFileReference; lastKnownFileType = sourcecode.swift; path = PanelTabButtonCell.swift; sourceTree = "<group>"; };
/* End PBXFileReference section */

/* Begin PBXFrameworksBuildPhase section */
		3430860A2474838E00675B1A /* Frameworks */ = {
			isa = PBXFrameworksBuildPhase;
			buildActionMask = 2147483647;
			files = (
			);
			runOnlyForDeploymentPostprocessing = 0;
		};
		343086152474838E00675B1A /* Frameworks */ = {
			isa = PBXFrameworksBuildPhase;
			buildActionMask = 2147483647;
			files = (
			);
			runOnlyForDeploymentPostprocessing = 0;
		};
		34B63671247ADFC4000657AB /* Frameworks */ = {
			isa = PBXFrameworksBuildPhase;
			buildActionMask = 2147483647;
			files = (
				343E14A62487B2520067F56C /* SwiftTreeSitter.framework in Frameworks */,
			);
			runOnlyForDeploymentPostprocessing = 0;
		};
/* End PBXFrameworksBuildPhase section */

/* Begin PBXGroup section */
		341784A1247EB7AA00843085 /* Frameworks */ = {
			isa = PBXGroup;
			children = (
				341784A2247EB7AA00843085 /* SwiftTreeSitter.framework */,
			);
			name = Frameworks;
			sourceTree = "<group>";
		};
		341784AC247F13B100843085 /* SyntaxTreeAnalysis */ = {
			isa = PBXGroup;
			children = (
				341784A5247EB7EB00843085 /* CodeSyntaxTree.swift */,
				341784AD247F13DA00843085 /* CodeSyntaxTree+InputEdit.swift */,
				343E10982483C0F40067F56C /* SyntaxHighlightTheme.swift */,
			);
			path = SyntaxTreeAnalysis;
			sourceTree = "<group>";
		};
		343085F02474838C00675B1A = {
			isa = PBXGroup;
			children = (
				343085FB2474838C00675B1A /* Bonsai */,
				343086102474838E00675B1A /* BonsaiTests */,
				3430861B2474838E00675B1A /* BonsaiUITests */,
				343085FA2474838C00675B1A /* Products */,
				341784A1247EB7AA00843085 /* Frameworks */,
			);
			sourceTree = "<group>";
		};
		343085FA2474838C00675B1A /* Products */ = {
			isa = PBXGroup;
			children = (
				343085F92474838C00675B1A /* Bonsai.app */,
				3430860D2474838E00675B1A /* BonsaiTests.xctest */,
				343086182474838E00675B1A /* BonsaiUITests.xctest */,
			);
			name = Products;
			sourceTree = "<group>";
		};
		343085FB2474838C00675B1A /* Bonsai */ = {
			isa = PBXGroup;
			children = (
				34CF884D247819A30031D819 /* Extensions */,
				345A714E2475408F00E47D23 /* Views */,
				346881AD24752EEB007AF5C6 /* Document */,
				343085FC2474838C00675B1A /* AppDelegate.swift */,
				345A7153247544D600E47D23 /* Main.storyboard */,
				343086022474838E00675B1A /* Assets.xcassets */,
				343086072474838E00675B1A /* Info.plist */,
				343086082474838E00675B1A /* Bonsai.entitlements */,
			);
			path = Bonsai;
			sourceTree = "<group>";
		};
		343086102474838E00675B1A /* BonsaiTests */ = {
			isa = PBXGroup;
			children = (
				343086112474838E00675B1A /* BonsaiTests.swift */,
				341784A7247EE4F600843085 /* SyntaxTreeTests.swift */,
				343086132474838E00675B1A /* Info.plist */,
			);
			path = BonsaiTests;
			sourceTree = "<group>";
		};
		3430861B2474838E00675B1A /* BonsaiUITests */ = {
			isa = PBXGroup;
			children = (
				3430861C2474838E00675B1A /* BonsaiUITests.swift */,
				3430861E2474838E00675B1A /* Info.plist */,
			);
			path = BonsaiUITests;
			sourceTree = "<group>";
		};
		345A714424753F3D00E47D23 /* Editor */ = {
			isa = PBXGroup;
			children = (
				345A714524753F5D00E47D23 /* EditorViewController.swift */,
			);
			path = Editor;
			sourceTree = "<group>";
		};
		345A71492475401F00E47D23 /* Project */ = {
			isa = PBXGroup;
			children = (
				345A714A2475408100E47D23 /* ProjectViewController.swift */,
				34CF88442476EB630031D819 /* ProjectViewController+OutlineView.swift */,
				34CF8846247720BD0031D819 /* ProjectFileItemCell.swift */,
			);
			path = Project;
			sourceTree = "<group>";
		};
		345A714E2475408F00E47D23 /* Views */ = {
			isa = PBXGroup;
			children = (
				34CF8848247814680031D819 /* PanelLayout */,
				346881AC24752ECD007AF5C6 /* Code */,
				345A714424753F3D00E47D23 /* Editor */,
				345A71492475401F00E47D23 /* Project */,
			);
			path = Views;
			sourceTree = "<group>";
		};
		346881AC24752ECD007AF5C6 /* Code */ = {
			isa = PBXGroup;
			children = (
				341784AC247F13B100843085 /* SyntaxTreeAnalysis */,
				346881B024752F54007AF5C6 /* CodeTextView */,
				3417849D247E6CCB00843085 /* CodeViewController.swift */,
				3417849E247E6CCB00843085 /* CodeViewController.xib */,
			);
			path = Code;
			sourceTree = "<group>";
		};
		346881AD24752EEB007AF5C6 /* Document */ = {
			isa = PBXGroup;
			children = (
				343086002474838C00675B1A /* CodeDocument.swift */,
				34CF88422476CF720031D819 /* CodeDocumentWindow.swift */,
				3430862A247484A000675B1A /* CodeDocumentController.swift */,
				346881692475116A007AF5C6 /* CodeContent.swift */,
				34898B3624912F4A00C1E01F /* WorkingDirectoryManager.swift */,
			);
			path = Document;
			sourceTree = "<group>";
		};
		346881B024752F54007AF5C6 /* CodeTextView */ = {
			isa = PBXGroup;
			children = (
				346881AE24752F01007AF5C6 /* CodeTextView.swift */,
				346881B124752F6E007AF5C6 /* CodeTextGutter.swift */,
				345A714224753C7700E47D23 /* CodeTextGutter+LineNumbers.swift */,
			);
			path = CodeTextView;
			sourceTree = "<group>";
		};
		34CF8848247814680031D819 /* PanelLayout */ = {
			isa = PBXGroup;
			children = (
				34CF8849247815860031D819 /* PanelLayoutController.swift */,
				34CF8856247823AA0031D819 /* PanelLayoutPane.swift */,
				34CF8858247826830031D819 /* PanelTabsControl.swift */,
				34CF885A24785B950031D819 /* PanelTabButton.swift */,
				34CF885C247928140031D819 /* PanelTabButtonCell.swift */,
			);
			path = PanelLayout;
			sourceTree = "<group>";
		};
		34CF884D247819A30031D819 /* Extensions */ = {
			isa = PBXGroup;
			children = (
				34CF884E247819B50031D819 /* NSView+layout.swift */,
			);
			path = Extensions;
			sourceTree = "<group>";
		};
/* End PBXGroup section */

/* Begin PBXNativeTarget section */
		343085F82474838C00675B1A /* Bonsai */ = {
			isa = PBXNativeTarget;
			buildConfigurationList = 343086212474838E00675B1A /* Build configuration list for PBXNativeTarget "Bonsai" */;
			buildPhases = (
				343085F52474838C00675B1A /* Sources */,
				343085F72474838C00675B1A /* Resources */,
				34B63671247ADFC4000657AB /* Frameworks */,
				341784AB247EE82D00843085 /* Embed Frameworks */,
			);
			buildRules = (
			);
			dependencies = (
			);
			name = Bonsai;
			packageProductDependencies = (
			);
			productName = Bonsai;
			productReference = 343085F92474838C00675B1A /* Bonsai.app */;
			productType = "com.apple.product-type.application";
		};
		3430860C2474838E00675B1A /* BonsaiTests */ = {
			isa = PBXNativeTarget;
			buildConfigurationList = 343086242474838E00675B1A /* Build configuration list for PBXNativeTarget "BonsaiTests" */;
			buildPhases = (
				343086092474838E00675B1A /* Sources */,
				3430860A2474838E00675B1A /* Frameworks */,
				3430860B2474838E00675B1A /* Resources */,
			);
			buildRules = (
			);
			dependencies = (
				3430860F2474838E00675B1A /* PBXTargetDependency */,
			);
			name = BonsaiTests;
			productName = BonsaiTests;
			productReference = 3430860D2474838E00675B1A /* BonsaiTests.xctest */;
			productType = "com.apple.product-type.bundle.unit-test";
		};
		343086172474838E00675B1A /* BonsaiUITests */ = {
			isa = PBXNativeTarget;
			buildConfigurationList = 343086272474838E00675B1A /* Build configuration list for PBXNativeTarget "BonsaiUITests" */;
			buildPhases = (
				343086142474838E00675B1A /* Sources */,
				343086152474838E00675B1A /* Frameworks */,
				343086162474838E00675B1A /* Resources */,
			);
			buildRules = (
			);
			dependencies = (
				3430861A2474838E00675B1A /* PBXTargetDependency */,
			);
			name = BonsaiUITests;
			productName = BonsaiUITests;
			productReference = 343086182474838E00675B1A /* BonsaiUITests.xctest */;
			productType = "com.apple.product-type.bundle.ui-testing";
		};
/* End PBXNativeTarget section */

/* Begin PBXProject section */
		343085F12474838C00675B1A /* Project object */ = {
			isa = PBXProject;
			attributes = {
				LastSwiftUpdateCheck = 1150;
				LastUpgradeCheck = 1150;
				ORGANIZATIONNAME = viktorstrate;
				TargetAttributes = {
					343085F82474838C00675B1A = {
						CreatedOnToolsVersion = 11.3.1;
					};
					3430860C2474838E00675B1A = {
						CreatedOnToolsVersion = 11.3.1;
						TestTargetID = 343085F82474838C00675B1A;
					};
					343086172474838E00675B1A = {
						CreatedOnToolsVersion = 11.3.1;
						TestTargetID = 343085F82474838C00675B1A;
					};
				};
			};
			buildConfigurationList = 343085F42474838C00675B1A /* Build configuration list for PBXProject "Bonsai" */;
			compatibilityVersion = "Xcode 9.3";
			developmentRegion = en;
			hasScannedForEncodings = 0;
			knownRegions = (
				en,
				Base,
			);
			mainGroup = 343085F02474838C00675B1A;
			packageReferences = (
			);
			productRefGroup = 343085FA2474838C00675B1A /* Products */;
			projectDirPath = "";
			projectRoot = "";
			targets = (
				343085F82474838C00675B1A /* Bonsai */,
				3430860C2474838E00675B1A /* BonsaiTests */,
				343086172474838E00675B1A /* BonsaiUITests */,
			);
		};
/* End PBXProject section */

/* Begin PBXResourcesBuildPhase section */
		343085F72474838C00675B1A /* Resources */ = {
			isa = PBXResourcesBuildPhase;
			buildActionMask = 2147483647;
			files = (
				343086032474838E00675B1A /* Assets.xcassets in Resources */,
				345A7154247544D600E47D23 /* Main.storyboard in Resources */,
				341784A0247E6CCB00843085 /* CodeViewController.xib in Resources */,
			);
			runOnlyForDeploymentPostprocessing = 0;
		};
		3430860B2474838E00675B1A /* Resources */ = {
			isa = PBXResourcesBuildPhase;
			buildActionMask = 2147483647;
			files = (
			);
			runOnlyForDeploymentPostprocessing = 0;
		};
		343086162474838E00675B1A /* Resources */ = {
			isa = PBXResourcesBuildPhase;
			buildActionMask = 2147483647;
			files = (
			);
			runOnlyForDeploymentPostprocessing = 0;
		};
/* End PBXResourcesBuildPhase section */

/* Begin PBXSourcesBuildPhase section */
		343085F52474838C00675B1A /* Sources */ = {
			isa = PBXSourcesBuildPhase;
			buildActionMask = 2147483647;
			files = (
				346881AF24752F01007AF5C6 /* CodeTextView.swift in Sources */,
				345A714724753F5D00E47D23 /* EditorViewController.swift in Sources */,
				34CF8857247823AA0031D819 /* PanelLayoutPane.swift in Sources */,
				34CF8859247826830031D819 /* PanelTabsControl.swift in Sources */,
				341784AE247F13DA00843085 /* CodeSyntaxTree+InputEdit.swift in Sources */,
				343E10992483C0F40067F56C /* SyntaxHighlightTheme.swift in Sources */,
				34CF884A247815860031D819 /* PanelLayoutController.swift in Sources */,
				34CF88432476CF720031D819 /* CodeDocumentWindow.swift in Sources */,
				34CF884F247819B50031D819 /* NSView+layout.swift in Sources */,
				34898B3724912F4A00C1E01F /* WorkingDirectoryManager.swift in Sources */,
				34CF885B24785B950031D819 /* PanelTabButton.swift in Sources */,
				341784A6247EB7EB00843085 /* CodeSyntaxTree.swift in Sources */,
				345A714324753C7700E47D23 /* CodeTextGutter+LineNumbers.swift in Sources */,
				34CF8847247720BD0031D819 /* ProjectFileItemCell.swift in Sources */,
				346881B224752F6E007AF5C6 /* CodeTextGutter.swift in Sources */,
				343085FD2474838C00675B1A /* AppDelegate.swift in Sources */,
				3417849F247E6CCB00843085 /* CodeViewController.swift in Sources */,
				3468816A2475116A007AF5C6 /* CodeContent.swift in Sources */,
				34CF88452476EB630031D819 /* ProjectViewController+OutlineView.swift in Sources */,
				3430862B247484A000675B1A /* CodeDocumentController.swift in Sources */,
				343086012474838C00675B1A /* CodeDocument.swift in Sources */,
				34CF885D247928140031D819 /* PanelTabButtonCell.swift in Sources */,
				345A714C2475408100E47D23 /* ProjectViewController.swift in Sources */,
			);
			runOnlyForDeploymentPostprocessing = 0;
		};
		343086092474838E00675B1A /* Sources */ = {
			isa = PBXSourcesBuildPhase;
			buildActionMask = 2147483647;
			files = (
				341784A8247EE4F600843085 /* SyntaxTreeTests.swift in Sources */,
				343086122474838E00675B1A /* BonsaiTests.swift in Sources */,
			);
			runOnlyForDeploymentPostprocessing = 0;
		};
		343086142474838E00675B1A /* Sources */ = {
			isa = PBXSourcesBuildPhase;
			buildActionMask = 2147483647;
			files = (
				3430861D2474838E00675B1A /* BonsaiUITests.swift in Sources */,
			);
			runOnlyForDeploymentPostprocessing = 0;
		};
/* End PBXSourcesBuildPhase section */

/* Begin PBXTargetDependency section */
		3430860F2474838E00675B1A /* PBXTargetDependency */ = {
			isa = PBXTargetDependency;
			target = 343085F82474838C00675B1A /* Bonsai */;
			targetProxy = 3430860E2474838E00675B1A /* PBXContainerItemProxy */;
		};
		3430861A2474838E00675B1A /* PBXTargetDependency */ = {
			isa = PBXTargetDependency;
			target = 343085F82474838C00675B1A /* Bonsai */;
			targetProxy = 343086192474838E00675B1A /* PBXContainerItemProxy */;
		};
/* End PBXTargetDependency section */

/* Begin XCBuildConfiguration section */
		3430861F2474838E00675B1A /* Debug */ = {
			isa = XCBuildConfiguration;
			buildSettings = {
				ALWAYS_SEARCH_USER_PATHS = NO;
				CLANG_ANALYZER_NONNULL = YES;
				CLANG_ANALYZER_NUMBER_OBJECT_CONVERSION = YES_AGGRESSIVE;
				CLANG_CXX_LANGUAGE_STANDARD = "gnu++14";
				CLANG_CXX_LIBRARY = "libc++";
				CLANG_ENABLE_MODULES = YES;
				CLANG_ENABLE_OBJC_ARC = YES;
				CLANG_ENABLE_OBJC_WEAK = YES;
				CLANG_WARN_BLOCK_CAPTURE_AUTORELEASING = YES;
				CLANG_WARN_BOOL_CONVERSION = YES;
				CLANG_WARN_COMMA = YES;
				CLANG_WARN_CONSTANT_CONVERSION = YES;
				CLANG_WARN_DEPRECATED_OBJC_IMPLEMENTATIONS = YES;
				CLANG_WARN_DIRECT_OBJC_ISA_USAGE = YES_ERROR;
				CLANG_WARN_DOCUMENTATION_COMMENTS = YES;
				CLANG_WARN_EMPTY_BODY = YES;
				CLANG_WARN_ENUM_CONVERSION = YES;
				CLANG_WARN_INFINITE_RECURSION = YES;
				CLANG_WARN_INT_CONVERSION = YES;
				CLANG_WARN_NON_LITERAL_NULL_CONVERSION = YES;
				CLANG_WARN_OBJC_IMPLICIT_RETAIN_SELF = YES;
				CLANG_WARN_OBJC_LITERAL_CONVERSION = YES;
				CLANG_WARN_OBJC_ROOT_CLASS = YES_ERROR;
				CLANG_WARN_RANGE_LOOP_ANALYSIS = YES;
				CLANG_WARN_STRICT_PROTOTYPES = YES;
				CLANG_WARN_SUSPICIOUS_MOVE = YES;
				CLANG_WARN_UNGUARDED_AVAILABILITY = YES_AGGRESSIVE;
				CLANG_WARN_UNREACHABLE_CODE = YES;
				CLANG_WARN__DUPLICATE_METHOD_MATCH = YES;
				COPY_PHASE_STRIP = NO;
				DEBUG_INFORMATION_FORMAT = dwarf;
				ENABLE_STRICT_OBJC_MSGSEND = YES;
				ENABLE_TESTABILITY = YES;
				GCC_C_LANGUAGE_STANDARD = gnu11;
				GCC_DYNAMIC_NO_PIC = NO;
				GCC_NO_COMMON_BLOCKS = YES;
				GCC_OPTIMIZATION_LEVEL = 0;
				GCC_PREPROCESSOR_DEFINITIONS = (
					"DEBUG=1",
					"$(inherited)",
				);
				GCC_WARN_64_TO_32_BIT_CONVERSION = YES;
				GCC_WARN_ABOUT_RETURN_TYPE = YES_ERROR;
				GCC_WARN_UNDECLARED_SELECTOR = YES;
				GCC_WARN_UNINITIALIZED_AUTOS = YES_AGGRESSIVE;
				GCC_WARN_UNUSED_FUNCTION = YES;
				GCC_WARN_UNUSED_VARIABLE = YES;
				MACOSX_DEPLOYMENT_TARGET = 10.15;
				MTL_ENABLE_DEBUG_INFO = INCLUDE_SOURCE;
				MTL_FAST_MATH = YES;
				ONLY_ACTIVE_ARCH = YES;
				SDKROOT = macosx;
				SWIFT_ACTIVE_COMPILATION_CONDITIONS = DEBUG;
				SWIFT_OPTIMIZATION_LEVEL = "-Onone";
			};
			name = Debug;
		};
		343086202474838E00675B1A /* Release */ = {
			isa = XCBuildConfiguration;
			buildSettings = {
				ALWAYS_SEARCH_USER_PATHS = NO;
				CLANG_ANALYZER_NONNULL = YES;
				CLANG_ANALYZER_NUMBER_OBJECT_CONVERSION = YES_AGGRESSIVE;
				CLANG_CXX_LANGUAGE_STANDARD = "gnu++14";
				CLANG_CXX_LIBRARY = "libc++";
				CLANG_ENABLE_MODULES = YES;
				CLANG_ENABLE_OBJC_ARC = YES;
				CLANG_ENABLE_OBJC_WEAK = YES;
				CLANG_WARN_BLOCK_CAPTURE_AUTORELEASING = YES;
				CLANG_WARN_BOOL_CONVERSION = YES;
				CLANG_WARN_COMMA = YES;
				CLANG_WARN_CONSTANT_CONVERSION = YES;
				CLANG_WARN_DEPRECATED_OBJC_IMPLEMENTATIONS = YES;
				CLANG_WARN_DIRECT_OBJC_ISA_USAGE = YES_ERROR;
				CLANG_WARN_DOCUMENTATION_COMMENTS = YES;
				CLANG_WARN_EMPTY_BODY = YES;
				CLANG_WARN_ENUM_CONVERSION = YES;
				CLANG_WARN_INFINITE_RECURSION = YES;
				CLANG_WARN_INT_CONVERSION = YES;
				CLANG_WARN_NON_LITERAL_NULL_CONVERSION = YES;
				CLANG_WARN_OBJC_IMPLICIT_RETAIN_SELF = YES;
				CLANG_WARN_OBJC_LITERAL_CONVERSION = YES;
				CLANG_WARN_OBJC_ROOT_CLASS = YES_ERROR;
				CLANG_WARN_RANGE_LOOP_ANALYSIS = YES;
				CLANG_WARN_STRICT_PROTOTYPES = YES;
				CLANG_WARN_SUSPICIOUS_MOVE = YES;
				CLANG_WARN_UNGUARDED_AVAILABILITY = YES_AGGRESSIVE;
				CLANG_WARN_UNREACHABLE_CODE = YES;
				CLANG_WARN__DUPLICATE_METHOD_MATCH = YES;
				COPY_PHASE_STRIP = NO;
				DEBUG_INFORMATION_FORMAT = "dwarf-with-dsym";
				ENABLE_NS_ASSERTIONS = NO;
				ENABLE_STRICT_OBJC_MSGSEND = YES;
				GCC_C_LANGUAGE_STANDARD = gnu11;
				GCC_NO_COMMON_BLOCKS = YES;
				GCC_WARN_64_TO_32_BIT_CONVERSION = YES;
				GCC_WARN_ABOUT_RETURN_TYPE = YES_ERROR;
				GCC_WARN_UNDECLARED_SELECTOR = YES;
				GCC_WARN_UNINITIALIZED_AUTOS = YES_AGGRESSIVE;
				GCC_WARN_UNUSED_FUNCTION = YES;
				GCC_WARN_UNUSED_VARIABLE = YES;
				MACOSX_DEPLOYMENT_TARGET = 10.15;
				MTL_ENABLE_DEBUG_INFO = NO;
				MTL_FAST_MATH = YES;
				SDKROOT = macosx;
				SWIFT_COMPILATION_MODE = wholemodule;
				SWIFT_OPTIMIZATION_LEVEL = "-O";
			};
			name = Release;
		};
		343086222474838E00675B1A /* Debug */ = {
			isa = XCBuildConfiguration;
			buildSettings = {
				ASSETCATALOG_COMPILER_APPICON_NAME = AppIcon;
				CODE_SIGN_ENTITLEMENTS = Bonsai/Bonsai.entitlements;
				CODE_SIGN_IDENTITY = "-";
				CODE_SIGN_STYLE = Automatic;
				COMBINE_HIDPI_IMAGES = YES;
				FRAMEWORK_SEARCH_PATHS = (
					"$(inherited)",
					"$(PROJECT_DIR)/Bonsai/Libraries",
				);
				INFOPLIST_FILE = Bonsai/Info.plist;
				LD_RUNPATH_SEARCH_PATHS = (
					"$(inherited)",
					"@executable_path/../Frameworks",
				);
				LIBRARY_SEARCH_PATHS = "$(inherited)";
				PRODUCT_BUNDLE_IDENTIFIER = io.github.viktorstrate.Bonsai;
				PRODUCT_NAME = "$(TARGET_NAME)";
				SWIFT_VERSION = 5.0;
			};
			name = Debug;
		};
		343086232474838E00675B1A /* Release */ = {
			isa = XCBuildConfiguration;
			buildSettings = {
				ASSETCATALOG_COMPILER_APPICON_NAME = AppIcon;
				CODE_SIGN_ENTITLEMENTS = Bonsai/Bonsai.entitlements;
				CODE_SIGN_IDENTITY = "-";
				CODE_SIGN_STYLE = Automatic;
				COMBINE_HIDPI_IMAGES = YES;
				FRAMEWORK_SEARCH_PATHS = (
					"$(inherited)",
					"$(PROJECT_DIR)/Bonsai/Libraries",
				);
				INFOPLIST_FILE = Bonsai/Info.plist;
				LD_RUNPATH_SEARCH_PATHS = (
					"$(inherited)",
					"@executable_path/../Frameworks",
				);
				LIBRARY_SEARCH_PATHS = "$(inherited)";
				PRODUCT_BUNDLE_IDENTIFIER = io.github.viktorstrate.Bonsai;
				PRODUCT_NAME = "$(TARGET_NAME)";
				SWIFT_VERSION = 5.0;
			};
			name = Release;
		};
		343086252474838E00675B1A /* Debug */ = {
			isa = XCBuildConfiguration;
			buildSettings = {
				ALWAYS_EMBED_SWIFT_STANDARD_LIBRARIES = YES;
				BUNDLE_LOADER = "$(TEST_HOST)";
				CODE_SIGN_STYLE = Automatic;
				COMBINE_HIDPI_IMAGES = YES;
				INFOPLIST_FILE = BonsaiTests/Info.plist;
				LD_RUNPATH_SEARCH_PATHS = (
					"$(inherited)",
					"@executable_path/../Frameworks",
					"@loader_path/../Frameworks",
				);
				MACOSX_DEPLOYMENT_TARGET = 10.15;
				PRODUCT_BUNDLE_IDENTIFIER = io.github.viktorstrate.BonsaiTests;
				PRODUCT_NAME = "$(TARGET_NAME)";
				SWIFT_VERSION = 5.0;
				TEST_HOST = "$(BUILT_PRODUCTS_DIR)/Bonsai.app/Contents/MacOS/Bonsai";
			};
			name = Debug;
		};
		343086262474838E00675B1A /* Release */ = {
			isa = XCBuildConfiguration;
			buildSettings = {
				ALWAYS_EMBED_SWIFT_STANDARD_LIBRARIES = YES;
				BUNDLE_LOADER = "$(TEST_HOST)";
				CODE_SIGN_STYLE = Automatic;
				COMBINE_HIDPI_IMAGES = YES;
				INFOPLIST_FILE = BonsaiTests/Info.plist;
				LD_RUNPATH_SEARCH_PATHS = (
					"$(inherited)",
					"@executable_path/../Frameworks",
					"@loader_path/../Frameworks",
				);
				MACOSX_DEPLOYMENT_TARGET = 10.15;
				PRODUCT_BUNDLE_IDENTIFIER = io.github.viktorstrate.BonsaiTests;
				PRODUCT_NAME = "$(TARGET_NAME)";
				SWIFT_VERSION = 5.0;
				TEST_HOST = "$(BUILT_PRODUCTS_DIR)/Bonsai.app/Contents/MacOS/Bonsai";
			};
			name = Release;
		};
		343086282474838E00675B1A /* Debug */ = {
			isa = XCBuildConfiguration;
			buildSettings = {
				ALWAYS_EMBED_SWIFT_STANDARD_LIBRARIES = YES;
				CODE_SIGN_STYLE = Automatic;
				COMBINE_HIDPI_IMAGES = YES;
				INFOPLIST_FILE = BonsaiUITests/Info.plist;
				LD_RUNPATH_SEARCH_PATHS = (
					"$(inherited)",
					"@executable_path/../Frameworks",
					"@loader_path/../Frameworks",
				);
				PRODUCT_BUNDLE_IDENTIFIER = io.github.viktorstrate.BonsaiUITests;
				PRODUCT_NAME = "$(TARGET_NAME)";
				SWIFT_VERSION = 5.0;
				TEST_TARGET_NAME = Bonsai;
			};
			name = Debug;
		};
		343086292474838E00675B1A /* Release */ = {
			isa = XCBuildConfiguration;
			buildSettings = {
				ALWAYS_EMBED_SWIFT_STANDARD_LIBRARIES = YES;
				CODE_SIGN_STYLE = Automatic;
				COMBINE_HIDPI_IMAGES = YES;
				INFOPLIST_FILE = BonsaiUITests/Info.plist;
				LD_RUNPATH_SEARCH_PATHS = (
					"$(inherited)",
					"@executable_path/../Frameworks",
					"@loader_path/../Frameworks",
				);
				PRODUCT_BUNDLE_IDENTIFIER = io.github.viktorstrate.BonsaiUITests;
				PRODUCT_NAME = "$(TARGET_NAME)";
				SWIFT_VERSION = 5.0;
				TEST_TARGET_NAME = Bonsai;
			};
			name = Release;
		};
/* End XCBuildConfiguration section */

/* Begin XCConfigurationList section */
		343085F42474838C00675B1A /* Build configuration list for PBXProject "Bonsai" */ = {
			isa = XCConfigurationList;
			buildConfigurations = (
				3430861F2474838E00675B1A /* Debug */,
				343086202474838E00675B1A /* Release */,
			);
			defaultConfigurationIsVisible = 0;
			defaultConfigurationName = Release;
		};
		343086212474838E00675B1A /* Build configuration list for PBXNativeTarget "Bonsai" */ = {
			isa = XCConfigurationList;
			buildConfigurations = (
				343086222474838E00675B1A /* Debug */,
				343086232474838E00675B1A /* Release */,
			);
			defaultConfigurationIsVisible = 0;
			defaultConfigurationName = Release;
		};
		343086242474838E00675B1A /* Build configuration list for PBXNativeTarget "BonsaiTests" */ = {
			isa = XCConfigurationList;
			buildConfigurations = (
				343086252474838E00675B1A /* Debug */,
				343086262474838E00675B1A /* Release */,
			);
			defaultConfigurationIsVisible = 0;
			defaultConfigurationName = Release;
		};
		343086272474838E00675B1A /* Build configuration list for PBXNativeTarget "BonsaiUITests" */ = {
			isa = XCConfigurationList;
			buildConfigurations = (
				343086282474838E00675B1A /* Debug */,
				343086292474838E00675B1A /* Release */,
			);
			defaultConfigurationIsVisible = 0;
			defaultConfigurationName = Release;
		};
/* End XCConfigurationList section */
	};
	rootObject = 343085F12474838C00675B1A /* Project object */;
}
